# THIS IS AN AUTOGENERATED FILE. DO NOT EDIT THIS FILE DIRECTLY.
# yarn lockfile v1


zx@^8.8.1:
  version "8.8.1"
  resolved "https://registry.yarnpkg.com/zx/-/zx-8.8.1.tgz#5c30645d3383d961771d911c63defa6a6e58014c"
  integrity sha512-qvsKBnvWHstHKCluKPlEgI/D3+mdiQyMoSSeFR8IX/aXzWIas5A297KxKgPJhuPXdrR6ma0Jzx43+GQ/8sqbrw==
