# THIS IS AN AUTOGENERATED FILE. DO NOT EDIT THIS FILE DIRECTLY.
# yarn lockfile v1


zx@^8.8.1:
  version "8.8.5"
  resolved "https://registry.yarnpkg.com/zx/-/zx-8.8.5.tgz#d092d8c0017aa7c5a276fda88ff19e4b1d91cc64"
  integrity sha512-SNgDF5L0gfN7FwVOdEFguY3orU5AkfFZm9B5YSHog/UDHv+lvmd82ZAsOenOkQixigwH2+yyH198AwNdKhj+RA==
